// !$*UTF8*$!
{
	archiveVersion = 1;
	classes = {
	};
	objectVersion = 46;
	objects = {

/* Begin PBXBuildFile section */
		7D666BF81ADD6BDF00AC029C /* AppDelegate.swift in Sources */ = {isa = PBXBuildFile; fileRef = 7D666BF71ADD6BDF00AC029C /* AppDelegate.swift */; };
		7D666BFA1ADD6BDF00AC029C /* ViewController.swift in Sources */ = {isa = PBXBuildFile; fileRef = 7D666BF91ADD6BDF00AC029C /* ViewController.swift */; };
		7D666BFD1ADD6BDF00AC029C /* Main.storyboard in Resources */ = {isa = PBXBuildFile; fileRef = 7D666BFB1ADD6BDF00AC029C /* Main.storyboard */; };
		7D666BFF1ADD6BDF00AC029C /* Images.xcassets in Resources */ = {isa = PBXBuildFile; fileRef = 7D666BFE1ADD6BDF00AC029C /* Images.xcassets */; };
		7D666C021ADD6BDF00AC029C /* LaunchScreen.xib in Resources */ = {isa = PBXBuildFile; fileRef = 7D666C001ADD6BDF00AC029C /* LaunchScreen.xib */; };
		7D666C0E1ADD6BDF00AC029C /* Parse_Swift_Setup_TutorialTests.swift in Sources */ = {isa = PBXBuildFile; fileRef = 7D666C0D1ADD6BDF00AC029C /* Parse_Swift_Setup_TutorialTests.swift */; };
		7D666C191ADD6CE600AC029C /* Parse.framework in Frameworks */ = {isa = PBXBuildFile; fileRef = 7D666C181ADD6CE600AC029C /* Parse.framework */; };
		7D666C1B1ADD6D1C00AC029C /* AudioToolbox.framework in Frameworks */ = {isa = PBXBuildFile; fileRef = 7D666C1A1ADD6D1C00AC029C /* AudioToolbox.framework */; };
		7D666C1D1ADD6D2500AC029C /* CFNetwork.framework in Frameworks */ = {isa = PBXBuildFile; fileRef = 7D666C1C1ADD6D2500AC029C /* CFNetwork.framework */; };
		7D666C1F1ADD6D2F00AC029C /* CoreGraphics.framework in Frameworks */ = {isa = PBXBuildFile; fileRef = 7D666C1E1ADD6D2F00AC029C /* CoreGraphics.framework */; };
		7D666C211ADD6D4300AC029C /* CoreLocation.framework in Frameworks */ = {isa = PBXBuildFile; fileRef = 7D666C201ADD6D4300AC029C /* CoreLocation.framework */; };
		7D666C231ADD6D4F00AC029C /* MobileCoreServices.framework in Frameworks */ = {isa = PBXBuildFile; fileRef = 7D666C221ADD6D4F00AC029C /* MobileCoreServices.framework */; };
		7D666C251ADD6D5900AC029C /* QuartzCore.framework in Frameworks */ = {isa = PBXBuildFile; fileRef = 7D666C241ADD6D5900AC029C /* QuartzCore.framework */; };
		7D666C271ADD6D6200AC029C /* Security.framework in Frameworks */ = {isa = PBXBuildFile; fileRef = 7D666C261ADD6D6200AC029C /* Security.framework */; };
		7D666C291ADD6D6B00AC029C /* StoreKit.framework in Frameworks */ = {isa = PBXBuildFile; fileRef = 7D666C281ADD6D6B00AC029C /* StoreKit.framework */; };
		7D666C2B1ADD6D7800AC029C /* SystemConfiguration.framework in Frameworks */ = {isa = PBXBuildFile; fileRef = 7D666C2A1ADD6D7800AC029C /* SystemConfiguration.framework */; };
		7D666C2D1ADD6D8200AC029C /* libz.dylib in Frameworks */ = {isa = PBXBuildFile; fileRef = 7D666C2C1ADD6D8200AC029C /* libz.dylib */; };
		7D666C2F1ADD6D8E00AC029C /* libsqlite3.dylib in Frameworks */ = {isa = PBXBuildFile; fileRef = 7D666C2E1ADD6D8E00AC029C /* libsqlite3.dylib */; };
		7D666C321ADD6E0E00AC029C /* ParseCrashReporting.framework in Frameworks */ = {isa = PBXBuildFile; fileRef = 7D666C301ADD6E0E00AC029C /* ParseCrashReporting.framework */; };
		7D666C331ADD6E0E00AC029C /* ParseUI.framework in Frameworks */ = {isa = PBXBuildFile; fileRef = 7D666C311ADD6E0E00AC029C /* ParseUI.framework */; };
		7D666C351ADD702600AC029C /* Bolts.framework in Frameworks */ = {isa = PBXBuildFile; fileRef = 7D666C341ADD702600AC029C /* Bolts.framework */; };
/* End PBXBuildFile section */

/* Begin PBXContainerItemProxy section */
		7D666C081ADD6BDF00AC029C /* PBXContainerItemProxy */ = {
			isa = PBXContainerItemProxy;
			containerPortal = 7D666BEA1ADD6BDF00AC029C /* Project object */;
			proxyType = 1;
			remoteGlobalIDString = 7D666BF11ADD6BDF00AC029C;
			remoteInfo = "Parse-Swift-Setup-Tutorial";
		};
/* End PBXContainerItemProxy section */

/* Begin PBXFileReference section */
		7D666BF21ADD6BDF00AC029C /* Parse-Swift-Setup-Tutorial.app */ = {isa = PBXFileReference; explicitFileType = wrapper.application; includeInIndex = 0; path = "Parse-Swift-Setup-Tutorial.app"; sourceTree = BUILT_PRODUCTS_DIR; };
		7D666BF61ADD6BDF00AC029C /* Info.plist */ = {isa = PBXFileReference; lastKnownFileType = text.plist.xml; path = Info.plist; sourceTree = "<group>"; };
		7D666BF71ADD6BDF00AC029C /* AppDelegate.swift */ = {isa = PBXFileReference; lastKnownFileType = sourcecode.swift; path = AppDelegate.swift; sourceTree = "<group>"; };
		7D666BF91ADD6BDF00AC029C /* ViewController.swift */ = {isa = PBXFileReference; lastKnownFileType = sourcecode.swift; path = ViewController.swift; sourceTree = "<group>"; };
		7D666BFC1ADD6BDF00AC029C /* Base */ = {isa = PBXFileReference; lastKnownFileType = file.storyboard; name = Base; path = Base.lproj/Main.storyboard; sourceTree = "<group>"; };
		7D666BFE1ADD6BDF00AC029C /* Images.xcassets */ = {isa = PBXFileReference; lastKnownFileType = folder.assetcatalog; path = Images.xcassets; sourceTree = "<group>"; };
		7D666C011ADD6BDF00AC029C /* Base */ = {isa = PBXFileReference; lastKnownFileType = file.xib; name = Base; path = Base.lproj/LaunchScreen.xib; sourceTree = "<group>"; };
		7D666C071ADD6BDF00AC029C /* Parse-Swift-Setup-TutorialTests.xctest */ = {isa = PBXFileReference; explicitFileType = wrapper.cfbundle; includeInIndex = 0; path = "Parse-Swift-Setup-TutorialTests.xctest"; sourceTree = BUILT_PRODUCTS_DIR; };
		7D666C0C1ADD6BDF00AC029C /* Info.plist */ = {isa = PBXFileReference; lastKnownFileType = text.plist.xml; path = Info.plist; sourceTree = "<group>"; };
		7D666C0D1ADD6BDF00AC029C /* Parse_Swift_Setup_TutorialTests.swift */ = {isa = PBXFileReference; lastKnownFileType = sourcecode.swift; path = Parse_Swift_Setup_TutorialTests.swift; sourceTree = "<group>"; };
		7D666C181ADD6CE600AC029C /* Parse.framework */ = {isa = PBXFileReference; lastKnownFileType = wrapper.framework; path = Parse.framework; sourceTree = "<group>"; };
		7D666C1A1ADD6D1C00AC029C /* AudioToolbox.framework */ = {isa = PBXFileReference; lastKnownFileType = wrapper.framework; name = AudioToolbox.framework; path = System/Library/Frameworks/AudioToolbox.framework; sourceTree = SDKROOT; };
		7D666C1C1ADD6D2500AC029C /* CFNetwork.framework */ = {isa = PBXFileReference; lastKnownFileType = wrapper.framework; name = CFNetwork.framework; path = System/Library/Frameworks/CFNetwork.framework; sourceTree = SDKROOT; };
		7D666C1E1ADD6D2F00AC029C /* CoreGraphics.framework */ = {isa = PBXFileReference; lastKnownFileType = wrapper.framework; name = CoreGraphics.framework; path = System/Library/Frameworks/CoreGraphics.framework; sourceTree = SDKROOT; };
		7D666C201ADD6D4300AC029C /* CoreLocation.framework */ = {isa = PBXFileReference; lastKnownFileType = wrapper.framework; name = CoreLocation.framework; path = System/Library/Frameworks/CoreLocation.framework; sourceTree = SDKROOT; };
		7D666C221ADD6D4F00AC029C /* MobileCoreServices.framework */ = {isa = PBXFileReference; lastKnownFileType = wrapper.framework; name = MobileCoreServices.framework; path = System/Library/Frameworks/MobileCoreServices.framework; sourceTree = SDKROOT; };
		7D666C241ADD6D5900AC029C /* QuartzCore.framework */ = {isa = PBXFileReference; lastKnownFileType = wrapper.framework; name = QuartzCore.framework; path = System/Library/Frameworks/QuartzCore.framework; sourceTree = SDKROOT; };
		7D666C261ADD6D6200AC029C /* Security.framework */ = {isa = PBXFileReference; lastKnownFileType = wrapper.framework; name = Security.framework; path = System/Library/Frameworks/Security.framework; sourceTree = SDKROOT; };
		7D666C281ADD6D6B00AC029C /* StoreKit.framework */ = {isa = PBXFileReference; lastKnownFileType = wrapper.framework; name = StoreKit.framework; path = System/Library/Frameworks/StoreKit.framework; sourceTree = SDKROOT; };
		7D666C2A1ADD6D7800AC029C /* SystemConfiguration.framework */ = {isa = PBXFileReference; lastKnownFileType = wrapper.framework; name = SystemConfiguration.framework; path = System/Library/Frameworks/SystemConfiguration.framework; sourceTree = SDKROOT; };
		7D666C2C1ADD6D8200AC029C /* libz.dylib */ = {isa = PBXFileReference; lastKnownFileType = "compiled.mach-o.dylib"; name = libz.dylib; path = usr/lib/libz.dylib; sourceTree = SDKROOT; };
		7D666C2E1ADD6D8E00AC029C /* libsqlite3.dylib */ = {isa = PBXFileReference; lastKnownFileType = "compiled.mach-o.dylib"; name = libsqlite3.dylib; path = usr/lib/libsqlite3.dylib; sourceTree = SDKROOT; };
		7D666C301ADD6E0E00AC029C /* ParseCrashReporting.framework */ = {isa = PBXFileReference; lastKnownFileType = wrapper.framework; path = ParseCrashReporting.framework; sourceTree = "<group>"; };
		7D666C311ADD6E0E00AC029C /* ParseUI.framework */ = {isa = PBXFileReference; lastKnownFileType = wrapper.framework; path = ParseUI.framework; sourceTree = "<group>"; };
		7D666C341ADD702600AC029C /* Bolts.framework */ = {isa = PBXFileReference; lastKnownFileType = wrapper.framework; path = Bolts.framework; sourceTree = "<group>"; };
/* End PBXFileReference section */

/* Begin PBXFrameworksBuildPhase section */
		7D666BEF1ADD6BDF00AC029C /* Frameworks */ = {
			isa = PBXFrameworksBuildPhase;
			buildActionMask = 2147483647;
			files = (
				7D666C351ADD702600AC029C /* Bolts.framework in Frameworks */,
				7D666C2F1ADD6D8E00AC029C /* libsqlite3.dylib in Frameworks */,
				7D666C2D1ADD6D8200AC029C /* libz.dylib in Frameworks */,
				7D666C331ADD6E0E00AC029C /* ParseUI.framework in Frameworks */,
				7D666C2B1ADD6D7800AC029C /* SystemConfiguration.framework in Frameworks */,
				7D666C291ADD6D6B00AC029C /* StoreKit.framework in Frameworks */,
				7D666C271ADD6D6200AC029C /* Security.framework in Frameworks */,
				7D666C251ADD6D5900AC029C /* QuartzCore.framework in Frameworks */,
				7D666C231ADD6D4F00AC029C /* MobileCoreServices.framework in Frameworks */,
				7D666C211ADD6D4300AC029C /* CoreLocation.framework in Frameworks */,
				7D666C1F1ADD6D2F00AC029C /* CoreGraphics.framework in Frameworks */,
				7D666C1D1ADD6D2500AC029C /* CFNetwork.framework in Frameworks */,
				7D666C1B1ADD6D1C00AC029C /* AudioToolbox.framework in Frameworks */,
				7D666C191ADD6CE600AC029C /* Parse.framework in Frameworks */,
				7D666C321ADD6E0E00AC029C /* ParseCrashReporting.framework in Frameworks */,
			);
			runOnlyForDeploymentPostprocessing = 0;
		};
		7D666C041ADD6BDF00AC029C /* Frameworks */ = {
			isa = PBXFrameworksBuildPhase;
			buildActionMask = 2147483647;
			files = (
			);
			runOnlyForDeploymentPostprocessing = 0;
		};
/* End PBXFrameworksBuildPhase section */

/* Begin PBXGroup section */
		7D666BE91ADD6BDF00AC029C = {
			isa = PBXGroup;
			children = (
				7D666C171ADD6CBC00AC029C /* Frameworks */,
				7D666C2E1ADD6D8E00AC029C /* libsqlite3.dylib */,
				7D666C2C1ADD6D8200AC029C /* libz.dylib */,
				7D666C2A1ADD6D7800AC029C /* SystemConfiguration.framework */,
				7D666C281ADD6D6B00AC029C /* StoreKit.framework */,
				7D666C261ADD6D6200AC029C /* Security.framework */,
				7D666C241ADD6D5900AC029C /* QuartzCore.framework */,
				7D666C221ADD6D4F00AC029C /* MobileCoreServices.framework */,
				7D666C201ADD6D4300AC029C /* CoreLocation.framework */,
				7D666C1E1ADD6D2F00AC029C /* CoreGraphics.framework */,
				7D666C1C1ADD6D2500AC029C /* CFNetwork.framework */,
				7D666C1A1ADD6D1C00AC029C /* AudioToolbox.framework */,
				7D666BF41ADD6BDF00AC029C /* Parse-Swift-Setup-Tutorial */,
				7D666C0A1ADD6BDF00AC029C /* Parse-Swift-Setup-TutorialTests */,
				7D666BF31ADD6BDF00AC029C /* Products */,
			);
			sourceTree = "<group>";
		};
		7D666BF31ADD6BDF00AC029C /* Products */ = {
			isa = PBXGroup;
			children = (
				7D666BF21ADD6BDF00AC029C /* Parse-Swift-Setup-Tutorial.app */,
				7D666C071ADD6BDF00AC029C /* Parse-Swift-Setup-TutorialTests.xctest */,
			);
			name = Products;
			sourceTree = "<group>";
		};
		7D666BF41ADD6BDF00AC029C /* Parse-Swift-Setup-Tutorial */ = {
			isa = PBXGroup;
			children = (
				7D666BF71ADD6BDF00AC029C /* AppDelegate.swift */,
				7D666BF91ADD6BDF00AC029C /* ViewController.swift */,
				7D666BFB1ADD6BDF00AC029C /* Main.storyboard */,
				7D666BFE1ADD6BDF00AC029C /* Images.xcassets */,
				7D666C001ADD6BDF00AC029C /* LaunchScreen.xib */,
				7D666BF51ADD6BDF00AC029C /* Supporting Files */,
			);
			path = "Parse-Swift-Setup-Tutorial";
			sourceTree = "<group>";
		};
		7D666BF51ADD6BDF00AC029C /* Supporting Files */ = {
			isa = PBXGroup;
			children = (
				7D666BF61ADD6BDF00AC029C /* Info.plist */,
			);
			name = "Supporting Files";
			sourceTree = "<group>";
		};
		7D666C0A1ADD6BDF00AC029C /* Parse-Swift-Setup-TutorialTests */ = {
			isa = PBXGroup;
			children = (
				7D666C0D1ADD6BDF00AC029C /* Parse_Swift_Setup_TutorialTests.swift */,
				7D666C0B1ADD6BDF00AC029C /* Supporting Files */,
			);
			path = "Parse-Swift-Setup-TutorialTests";
			sourceTree = "<group>";
		};
		7D666C0B1ADD6BDF00AC029C /* Supporting Files */ = {
			isa = PBXGroup;
			children = (
				7D666C0C1ADD6BDF00AC029C /* Info.plist */,
			);
			name = "Supporting Files";
			sourceTree = "<group>";
		};
		7D666C171ADD6CBC00AC029C /* Frameworks */ = {
			isa = PBXGroup;
			children = (
				7D666C341ADD702600AC029C /* Bolts.framework */,
				7D666C301ADD6E0E00AC029C /* ParseCrashReporting.framework */,
				7D666C311ADD6E0E00AC029C /* ParseUI.framework */,
				7D666C181ADD6CE600AC029C /* Parse.framework */,
			);
			name = Frameworks;
			path = "Parse-Swift-Setup-Tutorial";
			sourceTree = "<group>";
		};
/* End PBXGroup section */

/* Begin PBXNativeTarget section */
		7D666BF11ADD6BDF00AC029C /* Parse-Swift-Setup-Tutorial */ = {
			isa = PBXNativeTarget;
			buildConfigurationList = 7D666C111ADD6BDF00AC029C /* Build configuration list for PBXNativeTarget "Parse-Swift-Setup-Tutorial" */;
			buildPhases = (
				7D666BEE1ADD6BDF00AC029C /* Sources */,
				7D666BEF1ADD6BDF00AC029C /* Frameworks */,
				7D666BF01ADD6BDF00AC029C /* Resources */,
			);
			buildRules = (
			);
			dependencies = (
			);
			name = "Parse-Swift-Setup-Tutorial";
			productName = "Parse-Swift-Setup-Tutorial";
			productReference = 7D666BF21ADD6BDF00AC029C /* Parse-Swift-Setup-Tutorial.app */;
			productType = "com.apple.product-type.application";
		};
		7D666C061ADD6BDF00AC029C /* Parse-Swift-Setup-TutorialTests */ = {
			isa = PBXNativeTarget;
			buildConfigurationList = 7D666C141ADD6BDF00AC029C /* Build configuration list for PBXNativeTarget "Parse-Swift-Setup-TutorialTests" */;
			buildPhases = (
				7D666C031ADD6BDF00AC029C /* Sources */,
				7D666C041ADD6BDF00AC029C /* Frameworks */,
				7D666C051ADD6BDF00AC029C /* Resources */,
			);
			buildRules = (
			);
			dependencies = (
				7D666C091ADD6BDF00AC029C /* PBXTargetDependency */,
			);
			name = "Parse-Swift-Setup-TutorialTests";
			productName = "Parse-Swift-Setup-TutorialTests";
			productReference = 7D666C071ADD6BDF00AC029C /* Parse-Swift-Setup-TutorialTests.xctest */;
			productType = "com.apple.product-type.bundle.unit-test";
		};
/* End PBXNativeTarget section */

/* Begin PBXProject section */
		7D666BEA1ADD6BDF00AC029C /* Project object */ = {
			isa = PBXProject;
			attributes = {
				LastUpgradeCheck = 0630;
				ORGANIZATIONNAME = "Rick Wilson";
				TargetAttributes = {
					7D666BF11ADD6BDF00AC029C = {
						CreatedOnToolsVersion = 6.3;
					};
					7D666C061ADD6BDF00AC029C = {
						CreatedOnToolsVersion = 6.3;
						TestTargetID = 7D666BF11ADD6BDF00AC029C;
					};
				};
			};
			buildConfigurationList = 7D666BED1ADD6BDF00AC029C /* Build configuration list for PBXProject "Parse-Swift-Setup-Tutorial" */;
			compatibilityVersion = "Xcode 3.2";
			developmentRegion = English;
			hasScannedForEncodings = 0;
			knownRegions = (
				en,
				Base,
			);
			mainGroup = 7D666BE91ADD6BDF00AC029C;
			productRefGroup = 7D666BF31ADD6BDF00AC029C /* Products */;
			projectDirPath = "";
			projectRoot = "";
			targets = (
				7D666BF11ADD6BDF00AC029C /* Parse-Swift-Setup-Tutorial */,
				7D666C061ADD6BDF00AC029C /* Parse-Swift-Setup-TutorialTests */,
			);
		};
/* End PBXProject section */

/* Begin PBXResourcesBuildPhase section */
		7D666BF01ADD6BDF00AC029C /* Resources */ = {
			isa = PBXResourcesBuildPhase;
			buildActionMask = 2147483647;
			files = (
				7D666BFD1ADD6BDF00AC029C /* Main.storyboard in Resources */,
				7D666C021ADD6BDF00AC029C /* LaunchScreen.xib in Resources */,
				7D666BFF1ADD6BDF00AC029C /* Images.xcassets in Resources */,
			);
			runOnlyForDeploymentPostprocessing = 0;
		};
		7D666C051ADD6BDF00AC029C /* Resources */ = {
			isa = PBXResourcesBuildPhase;
			buildActionMask = 2147483647;
			files = (
			);
			runOnlyForDeploymentPostprocessing = 0;
		};
/* End PBXResourcesBuildPhase section */

/* Begin PBXSourcesBuildPhase section */
		7D666BEE1ADD6BDF00AC029C /* Sources */ = {
			isa = PBXSourcesBuildPhase;
			buildActionMask = 2147483647;
			files = (
				7D666BFA1ADD6BDF00AC029C /* ViewController.swift in Sources */,
				7D666BF81ADD6BDF00AC029C /* AppDelegate.swift in Sources */,
			);
			runOnlyForDeploymentPostprocessing = 0;
		};
		7D666C031ADD6BDF00AC029C /* Sources */ = {
			isa = PBXSourcesBuildPhase;
			buildActionMask = 2147483647;
			files = (
				7D666C0E1ADD6BDF00AC029C /* Parse_Swift_Setup_TutorialTests.swift in Sources */,
			);
			runOnlyForDeploymentPostprocessing = 0;
		};
/* End PBXSourcesBuildPhase section */

/* Begin PBXTargetDependency section */
		7D666C091ADD6BDF00AC029C /* PBXTargetDependency */ = {
			isa = PBXTargetDependency;
			target = 7D666BF11ADD6BDF00AC029C /* Parse-Swift-Setup-Tutorial */;
			targetProxy = 7D666C081ADD6BDF00AC029C /* PBXContainerItemProxy */;
		};
/* End PBXTargetDependency section */

/* Begin PBXVariantGroup section */
		7D666BFB1ADD6BDF00AC029C /* Main.storyboard */ = {
			isa = PBXVariantGroup;
			children = (
				7D666BFC1ADD6BDF00AC029C /* Base */,
			);
			name = Main.storyboard;
			sourceTree = "<group>";
		};
		7D666C001ADD6BDF00AC029C /* LaunchScreen.xib */ = {
			isa = PBXVariantGroup;
			children = (
				7D666C011ADD6BDF00AC029C /* Base */,
			);
			name = LaunchScreen.xib;
			sourceTree = "<group>";
		};
/* End PBXVariantGroup section */

/* Begin XCBuildConfiguration section */
		7D666C0F1ADD6BDF00AC029C /* Debug */ = {
			isa = XCBuildConfiguration;
			buildSettings = {
				ALWAYS_SEARCH_USER_PATHS = NO;
				CLANG_CXX_LANGUAGE_STANDARD = "gnu++0x";
				CLANG_CXX_LIBRARY = "libc++";
				CLANG_ENABLE_MODULES = YES;
				CLANG_ENABLE_OBJC_ARC = YES;
				CLANG_WARN_BOOL_CONVERSION = YES;
				CLANG_WARN_CONSTANT_CONVERSION = YES;
				CLANG_WARN_DIRECT_OBJC_ISA_USAGE = YES_ERROR;
				CLANG_WARN_EMPTY_BODY = YES;
				CLANG_WARN_ENUM_CONVERSION = YES;
				CLANG_WARN_INT_CONVERSION = YES;
				CLANG_WARN_OBJC_ROOT_CLASS = YES_ERROR;
				CLANG_WARN_UNREACHABLE_CODE = YES;
				CLANG_WARN__DUPLICATE_METHOD_MATCH = YES;
				"CODE_SIGN_IDENTITY[sdk=iphoneos*]" = "iPhone Developer";
				COPY_PHASE_STRIP = NO;
				DEBUG_INFORMATION_FORMAT = "dwarf-with-dsym";
				ENABLE_STRICT_OBJC_MSGSEND = YES;
				GCC_C_LANGUAGE_STANDARD = gnu99;
				GCC_DYNAMIC_NO_PIC = NO;
				GCC_NO_COMMON_BLOCKS = YES;
				GCC_OPTIMIZATION_LEVEL = 0;
				GCC_PREPROCESSOR_DEFINITIONS = (
					"DEBUG=1",
					"$(inherited)",
				);
				GCC_SYMBOLS_PRIVATE_EXTERN = NO;
				GCC_WARN_64_TO_32_BIT_CONVERSION = YES;
				GCC_WARN_ABOUT_RETURN_TYPE = YES_ERROR;
				GCC_WARN_UNDECLARED_SELECTOR = YES;
				GCC_WARN_UNINITIALIZED_AUTOS = YES_AGGRESSIVE;
				GCC_WARN_UNUSED_FUNCTION = YES;
				GCC_WARN_UNUSED_VARIABLE = YES;
				IPHONEOS_DEPLOYMENT_TARGET = 8.3;
				MTL_ENABLE_DEBUG_INFO = YES;
				ONLY_ACTIVE_ARCH = YES;
				SDKROOT = iphoneos;
				SWIFT_OPTIMIZATION_LEVEL = "-Onone";
				TARGETED_DEVICE_FAMILY = "1,2";
			};
			name = Debug;
		};
		7D666C101ADD6BDF00AC029C /* Release */ = {
			isa = XCBuildConfiguration;
			buildSettings = {
				ALWAYS_SEARCH_USER_PATHS = NO;
				CLANG_CXX_LANGUAGE_STANDARD = "gnu++0x";
				CLANG_CXX_LIBRARY = "libc++";
				CLANG_ENABLE_MODULES = YES;
				CLANG_ENABLE_OBJC_ARC = YES;
				CLANG_WARN_BOOL_CONVERSION = YES;
				CLANG_WARN_CONSTANT_CONVERSION = YES;
				CLANG_WARN_DIRECT_OBJC_ISA_USAGE = YES_ERROR;
				CLANG_WARN_EMPTY_BODY = YES;
				CLANG_WARN_ENUM_CONVERSION = YES;
				CLANG_WARN_INT_CONVERSION = YES;
				CLANG_WARN_OBJC_ROOT_CLASS = YES_ERROR;
				CLANG_WARN_UNREACHABLE_CODE = YES;
				CLANG_WARN__DUPLICATE_METHOD_MATCH = YES;
				"CODE_SIGN_IDENTITY[sdk=iphoneos*]" = "iPhone Developer";
				COPY_PHASE_STRIP = NO;
				DEBUG_INFORMATION_FORMAT = "dwarf-with-dsym";
				ENABLE_NS_ASSERTIONS = NO;
				ENABLE_STRICT_OBJC_MSGSEND = YES;
				GCC_C_LANGUAGE_STANDARD = gnu99;
				GCC_NO_COMMON_BLOCKS = YES;
				GCC_WARN_64_TO_32_BIT_CONVERSION = YES;
				GCC_WARN_ABOUT_RETURN_TYPE = YES_ERROR;
				GCC_WARN_UNDECLARED_SELECTOR = YES;
				GCC_WARN_UNINITIALIZED_AUTOS = YES_AGGRESSIVE;
				GCC_WARN_UNUSED_FUNCTION = YES;
				GCC_WARN_UNUSED_VARIABLE = YES;
				IPHONEOS_DEPLOYMENT_TARGET = 8.3;
				MTL_ENABLE_DEBUG_INFO = NO;
				SDKROOT = iphoneos;
				TARGETED_DEVICE_FAMILY = "1,2";
				VALIDATE_PRODUCT = YES;
			};
			name = Release;
		};
		7D666C121ADD6BDF00AC029C /* Debug */ = {
			isa = XCBuildConfiguration;
			buildSettings = {
				ASSETCATALOG_COMPILER_APPICON_NAME = AppIcon;
				FRAMEWORK_SEARCH_PATHS = (
					"$(inherited)",
					"$(PROJECT_DIR)/Parse-Swift-Setup-Tutorial",
				);
				INFOPLIST_FILE = "Parse-Swift-Setup-Tutorial/Info.plist";
				LD_RUNPATH_SEARCH_PATHS = "$(inherited) @executable_path/Frameworks";
				PRODUCT_NAME = "$(TARGET_NAME)";
			};
			name = Debug;
		};
		7D666C131ADD6BDF00AC029C /* Release */ = {
			isa = XCBuildConfiguration;
			buildSettings = {
				ASSETCATALOG_COMPILER_APPICON_NAME = AppIcon;
				FRAMEWORK_SEARCH_PATHS = (
					"$(inherited)",
					"$(PROJECT_DIR)/Parse-Swift-Setup-Tutorial",
				);
				INFOPLIST_FILE = "Parse-Swift-Setup-Tutorial/Info.plist";
				LD_RUNPATH_SEARCH_PATHS = "$(inherited) @executable_path/Frameworks";
				PRODUCT_NAME = "$(TARGET_NAME)";
			};
			name = Release;
		};
		7D666C151ADD6BDF00AC029C /* Debug */ = {
			isa = XCBuildConfiguration;
			buildSettings = {
				BUNDLE_LOADER = "$(TEST_HOST)";
				FRAMEWORK_SEARCH_PATHS = (
					"$(SDKROOT)/Developer/Library/Frameworks",
					"$(inherited)",
				);
				GCC_PREPROCESSOR_DEFINITIONS = (
					"DEBUG=1",
					"$(inherited)",
				);
				INFOPLIST_FILE = "Parse-Swift-Setup-TutorialTests/Info.plist";
				LD_RUNPATH_SEARCH_PATHS = "$(inherited) @executable_path/Frameworks @loader_path/Frameworks";
				PRODUCT_NAME = "$(TARGET_NAME)";
				TEST_HOST = "$(BUILT_PRODUCTS_DIR)/Parse-Swift-Setup-Tutorial.app/Parse-Swift-Setup-Tutorial";
			};
			name = Debug;
		};
		7D666C161ADD6BDF00AC029C /* Release */ = {
			isa = XCBuildConfiguration;
			buildSettings = {
				BUNDLE_LOADER = "$(TEST_HOST)";
				FRAMEWORK_SEARCH_PATHS = (
					"$(SDKROOT)/Developer/Library/Frameworks",
					"$(inherited)",
				);
				INFOPLIST_FILE = "Parse-Swift-Setup-TutorialTests/Info.plist";
				LD_RUNPATH_SEARCH_PATHS = "$(inherited) @executable_path/Frameworks @loader_path/Frameworks";
				PRODUCT_NAME = "$(TARGET_NAME)";
				TEST_HOST = "$(BUILT_PRODUCTS_DIR)/Parse-Swift-Setup-Tutorial.app/Parse-Swift-Setup-Tutorial";
			};
			name = Release;
		};
/* End XCBuildConfiguration section */

/* Begin XCConfigurationList section */
		7D666BED1ADD6BDF00AC029C /* Build configuration list for PBXProject "Parse-Swift-Setup-Tutorial" */ = {
			isa = XCConfigurationList;
			buildConfigurations = (
				7D666C0F1ADD6BDF00AC029C /* Debug */,
				7D666C101ADD6BDF00AC029C /* Release */,
			);
			defaultConfigurationIsVisible = 0;
			defaultConfigurationName = Release;
		};
		7D666C111ADD6BDF00AC029C /* Build configuration list for PBXNativeTarget "Parse-Swift-Setup-Tutorial" */ = {
			isa = XCConfigurationList;
			buildConfigurations = (
				7D666C121ADD6BDF00AC029C /* Debug */,
				7D666C131ADD6BDF00AC029C /* Release */,
			);
			defaultConfigurationIsVisible = 0;
		};
		7D666C141ADD6BDF00AC029C /* Build configuration list for PBXNativeTarget "Parse-Swift-Setup-TutorialTests" */ = {
			isa = XCConfigurationList;
			buildConfigurations = (
				7D666C151ADD6BDF00AC029C /* Debug */,
				7D666C161ADD6BDF00AC029C /* Release */,
			);
			defaultConfigurationIsVisible = 0;
		};
/* End XCConfigurationList section */
	};
	rootObject = 7D666BEA1ADD6BDF00AC029C /* Project object */;
}
